
Microsoft Visual Studio Solution File, Format Version 12.00
# Visual Studio Version 16
VisualStudioVersion = 16.0.29613.14
MinimumVisualStudioVersion = 10.0.40219.1
Project("{FAE04EC0-301F-11D3-BF4B-00C04F79EFBC}") = "szasz", "szasz\szasz.csproj", "{CADFBE3E-683F-44F7-89FF-200F6CC275AF}"
EndProject
Global
	GlobalSection(SolutionConfigurationPlatforms) = preSolution
		Debug|Any CPU = Debug|Any CPU
		Release|Any CPU = Release|Any CPU
	EndGlobalSection
	GlobalSection(ProjectConfigurationPlatforms) = postSolution
		{CADFBE3E-683F-44F7-89FF-200F6CC275AF}.Debug|Any CPU.ActiveCfg = Debug|Any CPU
		{CADFBE3E-683F-44F7-89FF-200F6CC275AF}.Debug|Any CPU.Build.0 = Debug|Any CPU
		{CADFBE3E-683F-44F7-89FF-200F6CC275AF}.Release|Any CPU.ActiveCfg = Release|Any CPU
		{CADFBE3E-683F-44F7-89FF-200F6CC275AF}.Release|Any CPU.Build.0 = Release|Any CPU
	EndGlobalSection
	GlobalSection(SolutionProperties) = preSolution
		HideSolutionNode = FALSE
	EndGlobalSection
	GlobalSection(ExtensibilityGlobals) = postSolution
		SolutionGuid = {EA61E0C0-C993-4146-97FC-5AD5FEB0F0C8}
	EndGlobalSection
EndGlobal
